
Microsoft Visual Studio Solution File, Format Version 12.00
# Visual Studio 15
VisualStudioVersion = 15.0.28010.2026
MinimumVisualStudioVersion = 10.0.40219.1
Project("{FAE04EC0-301F-11D3-BF4B-00C04F79EFBC}") = "Day1_1", "Day1_1\Day1_1.csproj", "{A996A1CD-EC64-499F-A529-72B2ABCCF18D}"
EndProject
Project("{FAE04EC0-301F-11D3-BF4B-00C04F79EFBC}") = "Day1_2", "Day1_2\Day1_2.csproj", "{265D4C3B-16A5-46A0-AC66-DE4497F721D0}"
EndProject
Global
	GlobalSection(SolutionConfigurationPlatforms) = preSolution
		Debug|Any CPU = Debug|Any CPU
		Release|Any CPU = Release|Any CPU
	EndGlobalSection
	GlobalSection(ProjectConfigurationPlatforms) = postSolution
		{A996A1CD-EC64-499F-A529-72B2ABCCF18D}.Debug|Any CPU.ActiveCfg = Debug|Any CPU
		{A996A1CD-EC64-499F-A529-72B2ABCCF18D}.Debug|Any CPU.Build.0 = Debug|Any CPU
		{A996A1CD-EC64-499F-A529-72B2ABCCF18D}.Release|Any CPU.ActiveCfg = Release|Any CPU
		{A996A1CD-EC64-499F-A529-72B2ABCCF18D}.Release|Any CPU.Build.0 = Release|Any CPU
		{265D4C3B-16A5-46A0-AC66-DE4497F721D0}.Debug|Any CPU.ActiveCfg = Debug|Any CPU
		{265D4C3B-16A5-46A0-AC66-DE4497F721D0}.Debug|Any CPU.Build.0 = Debug|Any CPU
		{265D4C3B-16A5-46A0-AC66-DE4497F721D0}.Release|Any CPU.ActiveCfg = Release|Any CPU
		{265D4C3B-16A5-46A0-AC66-DE4497F721D0}.Release|Any CPU.Build.0 = Release|Any CPU
	EndGlobalSection
	GlobalSection(SolutionProperties) = preSolution
		HideSolutionNode = FALSE
	EndGlobalSection
	GlobalSection(ExtensibilityGlobals) = postSolution
		SolutionGuid = {580BC159-3389-40AC-8A9A-CBD89758324A}
	EndGlobalSection
EndGlobal
